
Microsoft Visual Studio Solution File, Format Version 12.00
# Visual Studio 15
Project("{FAE04EC0-301F-11D3-BF4B-00C04F79EFBC}") = "AoC2018", "AoC2018\AoC2018.csproj", "{D706E382-F2EF-4875-BFBF-84FA1D44687D}"
EndProject
Project("{FAE04EC0-301F-11D3-BF4B-00C04F79EFBC}") = "AoC2018.Tests", "AoC2018.Tests\AoC2018.Tests.csproj", "{60480414-15BC-484B-BA55-7C0DF9E7A009}"
EndProject
Global
	GlobalSection(SolutionConfigurationPlatforms) = preSolution
		Debug|Any CPU = Debug|Any CPU
		Release|Any CPU = Release|Any CPU
	EndGlobalSection
	GlobalSection(ProjectConfigurationPlatforms) = postSolution
		{D706E382-F2EF-4875-BFBF-84FA1D44687D}.Debug|Any CPU.ActiveCfg = Debug|Any CPU
		{D706E382-F2EF-4875-BFBF-84FA1D44687D}.Debug|Any CPU.Build.0 = Debug|Any CPU
		{D706E382-F2EF-4875-BFBF-84FA1D44687D}.Release|Any CPU.ActiveCfg = Release|Any CPU
		{D706E382-F2EF-4875-BFBF-84FA1D44687D}.Release|Any CPU.Build.0 = Release|Any CPU
		{60480414-15BC-484B-BA55-7C0DF9E7A009}.Debug|Any CPU.ActiveCfg = Debug|Any CPU
		{60480414-15BC-484B-BA55-7C0DF9E7A009}.Debug|Any CPU.Build.0 = Debug|Any CPU
		{60480414-15BC-484B-BA55-7C0DF9E7A009}.Release|Any CPU.ActiveCfg = Release|Any CPU
		{60480414-15BC-484B-BA55-7C0DF9E7A009}.Release|Any CPU.Build.0 = Release|Any CPU
	EndGlobalSection
EndGlobal
